
Microsoft Visual Studio Solution File, Format Version 12.00
# Visual Studio Version 16
VisualStudioVersion = 16.0.32228.343
MinimumVisualStudioVersion = 10.0.40219.1
Project("{FAE04EC0-301F-11D3-BF4B-00C04F79EFBC}") = "Utilities", "Utilities\Utilities.csproj", "{2F3099D6-9A23-463F-8FE6-95C8EC25200C}"
EndProject
Project("{FAE04EC0-301F-11D3-BF4B-00C04F79EFBC}") = "Application", "Application\Application.csproj", "{2990A79A-9529-42C0-852F-A28FC43D90AB}"
EndProject
Project("{FAE04EC0-301F-11D3-BF4B-00C04F79EFBC}") = "TestXUnit", "TestXUnit\TestXUnit.csproj", "{1ED22CDD-C582-43E3-AE20-EAEFA9810EB6}"
EndProject
Global
	GlobalSection(SolutionConfigurationPlatforms) = preSolution
		Debug|Any CPU = Debug|Any CPU
		Release|Any CPU = Release|Any CPU
	EndGlobalSection
	GlobalSection(ProjectConfigurationPlatforms) = postSolution
		{2F3099D6-9A23-463F-8FE6-95C8EC25200C}.Debug|Any CPU.ActiveCfg = Debug|Any CPU
		{2F3099D6-9A23-463F-8FE6-95C8EC25200C}.Debug|Any CPU.Build.0 = Debug|Any CPU
		{2F3099D6-9A23-463F-8FE6-95C8EC25200C}.Release|Any CPU.ActiveCfg = Release|Any CPU
		{2F3099D6-9A23-463F-8FE6-95C8EC25200C}.Release|Any CPU.Build.0 = Release|Any CPU
		{2990A79A-9529-42C0-852F-A28FC43D90AB}.Debug|Any CPU.ActiveCfg = Debug|Any CPU
		{2990A79A-9529-42C0-852F-A28FC43D90AB}.Debug|Any CPU.Build.0 = Debug|Any CPU
		{2990A79A-9529-42C0-852F-A28FC43D90AB}.Release|Any CPU.ActiveCfg = Release|Any CPU
		{2990A79A-9529-42C0-852F-A28FC43D90AB}.Release|Any CPU.Build.0 = Release|Any CPU
		{1ED22CDD-C582-43E3-AE20-EAEFA9810EB6}.Debug|Any CPU.ActiveCfg = Debug|Any CPU
		{1ED22CDD-C582-43E3-AE20-EAEFA9810EB6}.Debug|Any CPU.Build.0 = Debug|Any CPU
		{1ED22CDD-C582-43E3-AE20-EAEFA9810EB6}.Release|Any CPU.ActiveCfg = Release|Any CPU
		{1ED22CDD-C582-43E3-AE20-EAEFA9810EB6}.Release|Any CPU.Build.0 = Release|Any CPU
	EndGlobalSection
	GlobalSection(SolutionProperties) = preSolution
		HideSolutionNode = FALSE
	EndGlobalSection
	GlobalSection(ExtensibilityGlobals) = postSolution
		SolutionGuid = {1E4599DC-C907-49CF-B14B-1E07E513A238}
	EndGlobalSection
EndGlobal
